// !$*UTF8*$!
{
	archiveVersion = 1;
	classes = {
	};
	objectVersion = 48;
	objects = {

/* Begin PBXBuildFile section */
		40168C9320464FAF00197958 /* StringUtils.swift in Sources */ = {isa = PBXBuildFile; fileRef = 40168C9220464FAF00197958 /* StringUtils.swift */; };
		4067A8882045133400427DBB /* Environment.swift in Sources */ = {isa = PBXBuildFile; fileRef = 4067A8572045133400427DBB /* Environment.swift */; };
		4067A8892045133400427DBB /* Development.swift in Sources */ = {isa = PBXBuildFile; fileRef = 4067A8582045133400427DBB /* Development.swift */; };
		4067A88A2045133400427DBB /* UserInfoService.swift in Sources */ = {isa = PBXBuildFile; fileRef = 4067A85A2045133400427DBB /* UserInfoService.swift */; };
		4067A88B2045133400427DBB /* AccountService.swift in Sources */ = {isa = PBXBuildFile; fileRef = 4067A85B2045133400427DBB /* AccountService.swift */; };
		4067A88C2045133400427DBB /* AccountInfoProvider.swift in Sources */ = {isa = PBXBuildFile; fileRef = 4067A85E2045133400427DBB /* AccountInfoProvider.swift */; };
		4067A88D2045133400427DBB /* UserInfoMockProvider.swift in Sources */ = {isa = PBXBuildFile; fileRef = 4067A85F2045133400427DBB /* UserInfoMockProvider.swift */; };
		4067A8912045133400427DBB /* P2PManager.swift in Sources */ = {isa = PBXBuildFile; fileRef = 4067A8672045133400427DBB /* P2PManager.swift */; };
		4067A8922045133400427DBB /* PeerToPeer.swift in Sources */ = {isa = PBXBuildFile; fileRef = 4067A8682045133400427DBB /* PeerToPeer.swift */; };
		4067A8932045133400427DBB /* DataServiceManager.swift in Sources */ = {isa = PBXBuildFile; fileRef = 4067A86A2045133400427DBB /* DataServiceManager.swift */; };
		4067A8942045133400427DBB /* BackgroundViewView.swift in Sources */ = {isa = PBXBuildFile; fileRef = 4067A86C2045133400427DBB /* BackgroundViewView.swift */; };
		4067A8952045133400427DBB /* PopFilterOptionView.swift in Sources */ = {isa = PBXBuildFile; fileRef = 4067A86D2045133400427DBB /* PopFilterOptionView.swift */; };
		4067A8962045133400427DBB /* PopFilterOptionView.xib in Resources */ = {isa = PBXBuildFile; fileRef = 4067A86F2045133400427DBB /* PopFilterOptionView.xib */; };
		4067A8972045133400427DBB /* PeerUserView.xib in Resources */ = {isa = PBXBuildFile; fileRef = 4067A8702045133400427DBB /* PeerUserView.xib */; };
		4067A8982045133400427DBB /* UserActionPopViewController.swift in Sources */ = {isa = PBXBuildFile; fileRef = 4067A8712045133400427DBB /* UserActionPopViewController.swift */; };
		4067A8992045133400427DBB /* RadarAnimationLayer.swift in Sources */ = {isa = PBXBuildFile; fileRef = 4067A8722045133400427DBB /* RadarAnimationLayer.swift */; };
		4067A89A2045133400427DBB /* PeerUserView.swift in Sources */ = {isa = PBXBuildFile; fileRef = 4067A8732045133400427DBB /* PeerUserView.swift */; };
		4067A89B2045133400427DBB /* HttpTask.swift in Sources */ = {isa = PBXBuildFile; fileRef = 4067A8772045133400427DBB /* HttpTask.swift */; };
		4067A89C2045133400427DBB /* HttpTypes.swift in Sources */ = {isa = PBXBuildFile; fileRef = 4067A8782045133400427DBB /* HttpTypes.swift */; };
		4067A89D2045133400427DBB /* HttpCacheTask.swift in Sources */ = {isa = PBXBuildFile; fileRef = 4067A8792045133400427DBB /* HttpCacheTask.swift */; };
		4067A89E2045133400427DBB /* Task.swift in Sources */ = {isa = PBXBuildFile; fileRef = 4067A87A2045133400427DBB /* Task.swift */; };
		4067A89F2045133400427DBB /* UserInfo.swift in Sources */ = {isa = PBXBuildFile; fileRef = 4067A87C2045133400427DBB /* UserInfo.swift */; };
		4067A8A02045133400427DBB /* TransactionInfo.swift in Sources */ = {isa = PBXBuildFile; fileRef = 4067A87D2045133400427DBB /* TransactionInfo.swift */; };
		4067A8A12045133400427DBB /* DashBoardViewController.swift in Sources */ = {isa = PBXBuildFile; fileRef = 4067A87F2045133400427DBB /* DashBoardViewController.swift */; };
		4067A8A22045133400427DBB /* TransationViewController.swift in Sources */ = {isa = PBXBuildFile; fileRef = 4067A8802045133400427DBB /* TransationViewController.swift */; };
		4067A8A32045133400427DBB /* LoginViewController.swift in Sources */ = {isa = PBXBuildFile; fileRef = 4067A8812045133400427DBB /* LoginViewController.swift */; };
		4067A8A42045133400427DBB /* InstantMoneyTransferViewController.swift in Sources */ = {isa = PBXBuildFile; fileRef = 4067A8822045133400427DBB /* InstantMoneyTransferViewController.swift */; };
		4067A8A52045133400427DBB /* P2PViewController.swift in Sources */ = {isa = PBXBuildFile; fileRef = 4067A8832045133400427DBB /* P2PViewController.swift */; };
		4067A8A62045133400427DBB /* AddBeneficiaryViewController.swift in Sources */ = {isa = PBXBuildFile; fileRef = 4067A8842045133400427DBB /* AddBeneficiaryViewController.swift */; };
		4067A8A72045133400427DBB /* BaseModel.swift in Sources */ = {isa = PBXBuildFile; fileRef = 4067A8862045133400427DBB /* BaseModel.swift */; };
		4067A8A82045133400427DBB /* Utililty.swift in Sources */ = {isa = PBXBuildFile; fileRef = 4067A8872045133400427DBB /* Utililty.swift */; };
		4067A8AC2045134E00427DBB /* AppDelegate.swift in Sources */ = {isa = PBXBuildFile; fileRef = 4067A8A92045134E00427DBB /* AppDelegate.swift */; };
		4067A8AD2045134E00427DBB /* AppConfig.swift in Sources */ = {isa = PBXBuildFile; fileRef = 4067A8AA2045134E00427DBB /* AppConfig.swift */; };
		4067A8AE2045134E00427DBB /* App.swift in Sources */ = {isa = PBXBuildFile; fileRef = 4067A8AB2045134E00427DBB /* App.swift */; };
		4067A8B02045139800427DBB /* Caching.swift in Sources */ = {isa = PBXBuildFile; fileRef = 4067A8AF2045139800427DBB /* Caching.swift */; };
		4067A8B4204513E400427DBB /* CachePolicy.swift in Sources */ = {isa = PBXBuildFile; fileRef = 4067A8B1204513E300427DBB /* CachePolicy.swift */; };
		4067A8B5204513E400427DBB /* CacheData.swift in Sources */ = {isa = PBXBuildFile; fileRef = 4067A8B2204513E300427DBB /* CacheData.swift */; };
		4067A8B6204513E400427DBB /* TimeCachePolicy.swift in Sources */ = {isa = PBXBuildFile; fileRef = 4067A8B3204513E400427DBB /* TimeCachePolicy.swift */; };
		4067A8B82045143600427DBB /* TransactionTableViewCell.swift in Sources */ = {isa = PBXBuildFile; fileRef = 4067A8B72045143600427DBB /* TransactionTableViewCell.swift */; };
		4067A8BA204519DA00427DBB /* KeychainService.swift in Sources */ = {isa = PBXBuildFile; fileRef = 4067A8B9204519DA00427DBB /* KeychainService.swift */; };
		4067A8BF20452EB300427DBB /* ServiceTaskDelegate.swift in Sources */ = {isa = PBXBuildFile; fileRef = 4067A8BD20452EB300427DBB /* ServiceTaskDelegate.swift */; };
		4067A8C020452EB300427DBB /* ServiceProvider.swift in Sources */ = {isa = PBXBuildFile; fileRef = 4067A8BE20452EB300427DBB /* ServiceProvider.swift */; };
		4067A8C220452F1000427DBB /* LoginProvider.swift in Sources */ = {isa = PBXBuildFile; fileRef = 4067A8C120452F1000427DBB /* LoginProvider.swift */; };
		4067A8C42045301E00427DBB /* LoginService.swift in Sources */ = {isa = PBXBuildFile; fileRef = 4067A8C32045301E00427DBB /* LoginService.swift */; };
		4067A8C62045309F00427DBB /* LoginCredentials.swift in Sources */ = {isa = PBXBuildFile; fileRef = 4067A8C52045309F00427DBB /* LoginCredentials.swift */; };
		4067A8C82045380D00427DBB /* UserInfoProvider.swift in Sources */ = {isa = PBXBuildFile; fileRef = 4067A8C72045380D00427DBB /* UserInfoProvider.swift */; };
		4067A8CA204550E400427DBB /* main.swift in Sources */ = {isa = PBXBuildFile; fileRef = 4067A8C9204550E400427DBB /* main.swift */; };
		72AE6C642036882C00A18376 /* users.json in Resources */ = {isa = PBXBuildFile; fileRef = 72AE6C632036882B00A18376 /* users.json */; };
		A2464CCC2032A6B20073C9B2 /* Main.storyboard in Resources */ = {isa = PBXBuildFile; fileRef = A2464CCA2032A6B20073C9B2 /* Main.storyboard */; };
		A2464CCE2032A6B20073C9B2 /* Assets.xcassets in Resources */ = {isa = PBXBuildFile; fileRef = A2464CCD2032A6B20073C9B2 /* Assets.xcassets */; };
		A2464CD12032A6B20073C9B2 /* LaunchScreen.storyboard in Resources */ = {isa = PBXBuildFile; fileRef = A2464CCF2032A6B20073C9B2 /* LaunchScreen.storyboard */; };
		A27D7A3B203D3153001A9BBD /* CBATests.swift in Sources */ = {isa = PBXBuildFile; fileRef = A27D7A3A203D3153001A9BBD /* CBATests.swift */; };
		A27D7A43203D32F4001A9BBD /* LoginViewControllerTest.swift in Sources */ = {isa = PBXBuildFile; fileRef = A27D7A42203D32F4001A9BBD /* LoginViewControllerTest.swift */; };
		A27D7A45203D38E1001A9BBD /* P2PViewControllerTest.swift in Sources */ = {isa = PBXBuildFile; fileRef = A27D7A44203D38E1001A9BBD /* P2PViewControllerTest.swift */; };
		A27D7A49203D3C98001A9BBD /* P2PManagerTest.swift in Sources */ = {isa = PBXBuildFile; fileRef = A27D7A48203D3C98001A9BBD /* P2PManagerTest.swift */; };
		A27D7A4B203D48A6001A9BBD /* AddBeneficiaryViewControllerTest.swift in Sources */ = {isa = PBXBuildFile; fileRef = A27D7A4A203D48A6001A9BBD /* AddBeneficiaryViewControllerTest.swift */; };
		A27D7A4D203D48B4001A9BBD /* InstantMoneyTransferViewControllerTest.swift in Sources */ = {isa = PBXBuildFile; fileRef = A27D7A4C203D48B4001A9BBD /* InstantMoneyTransferViewControllerTest.swift */; };
		A27D7A53203D57AF001A9BBD /* BackgroundViewViewTest.swift in Sources */ = {isa = PBXBuildFile; fileRef = A27D7A52203D57AF001A9BBD /* BackgroundViewViewTest.swift */; };
		A27D7A55203D5AD9001A9BBD /* PeerUserViewTest.swift in Sources */ = {isa = PBXBuildFile; fileRef = A27D7A54203D5AD9001A9BBD /* PeerUserViewTest.swift */; };
		A27D7A57203D6DCD001A9BBD /* UserActionPopViewControllerTest.swift in Sources */ = {isa = PBXBuildFile; fileRef = A27D7A56203D6DCD001A9BBD /* UserActionPopViewControllerTest.swift */; };
		A27D7A59203D75D4001A9BBD /* RadarAnimationLayerTest.swift in Sources */ = {isa = PBXBuildFile; fileRef = A27D7A58203D75D4001A9BBD /* RadarAnimationLayerTest.swift */; };
		A27D7A5C203D78AF001A9BBD /* UserInfoTest.swift in Sources */ = {isa = PBXBuildFile; fileRef = A27D7A5B203D78AF001A9BBD /* UserInfoTest.swift */; };
		A27D7A5E203D79C6001A9BBD /* UserInfoProviderTest.swift in Sources */ = {isa = PBXBuildFile; fileRef = A27D7A5D203D79C6001A9BBD /* UserInfoProviderTest.swift */; };
/* End PBXBuildFile section */

/* Begin PBXContainerItemProxy section */
		A27D7A3D203D3153001A9BBD /* PBXContainerItemProxy */ = {
			isa = PBXContainerItemProxy;
			containerPortal = A2464CBB2032A6B20073C9B2 /* Project object */;
			proxyType = 1;
			remoteGlobalIDString = A2464CC22032A6B20073C9B2;
			remoteInfo = CBA;
		};
/* End PBXContainerItemProxy section */

/* Begin PBXFileReference section */
		40168C9220464FAF00197958 /* StringUtils.swift */ = {isa = PBXFileReference; fileEncoding = 4; lastKnownFileType = sourcecode.swift; path = StringUtils.swift; sourceTree = "<group>"; };
		4067A853204512C500427DBB /* Info.plist */ = {isa = PBXFileReference; fileEncoding = 4; lastKnownFileType = text.plist.xml; path = Info.plist; sourceTree = "<group>"; };
		4067A8572045133400427DBB /* Environment.swift */ = {isa = PBXFileReference; fileEncoding = 4; lastKnownFileType = sourcecode.swift; path = Environment.swift; sourceTree = "<group>"; };
		4067A8582045133400427DBB /* Development.swift */ = {isa = PBXFileReference; fileEncoding = 4; lastKnownFileType = sourcecode.swift; path = Development.swift; sourceTree = "<group>"; };
		4067A85A2045133400427DBB /* UserInfoService.swift */ = {isa = PBXFileReference; fileEncoding = 4; lastKnownFileType = sourcecode.swift; path = UserInfoService.swift; sourceTree = "<group>"; };
		4067A85B2045133400427DBB /* AccountService.swift */ = {isa = PBXFileReference; fileEncoding = 4; lastKnownFileType = sourcecode.swift; path = AccountService.swift; sourceTree = "<group>"; };
		4067A85E2045133400427DBB /* AccountInfoProvider.swift */ = {isa = PBXFileReference; fileEncoding = 4; lastKnownFileType = sourcecode.swift; path = AccountInfoProvider.swift; sourceTree = "<group>"; };
		4067A85F2045133400427DBB /* UserInfoMockProvider.swift */ = {isa = PBXFileReference; fileEncoding = 4; lastKnownFileType = sourcecode.swift; path = UserInfoMockProvider.swift; sourceTree = "<group>"; };
		4067A8672045133400427DBB /* P2PManager.swift */ = {isa = PBXFileReference; fileEncoding = 4; lastKnownFileType = sourcecode.swift; path = P2PManager.swift; sourceTree = "<group>"; };
		4067A8682045133400427DBB /* PeerToPeer.swift */ = {isa = PBXFileReference; fileEncoding = 4; lastKnownFileType = sourcecode.swift; path = PeerToPeer.swift; sourceTree = "<group>"; };
		4067A86A2045133400427DBB /* DataServiceManager.swift */ = {isa = PBXFileReference; fileEncoding = 4; lastKnownFileType = sourcecode.swift; path = DataServiceManager.swift; sourceTree = "<group>"; };
		4067A86C2045133400427DBB /* BackgroundViewView.swift */ = {isa = PBXFileReference; fileEncoding = 4; lastKnownFileType = sourcecode.swift; path = BackgroundViewView.swift; sourceTree = "<group>"; };
		4067A86D2045133400427DBB /* PopFilterOptionView.swift */ = {isa = PBXFileReference; fileEncoding = 4; lastKnownFileType = sourcecode.swift; path = PopFilterOptionView.swift; sourceTree = "<group>"; };
		4067A86F2045133400427DBB /* PopFilterOptionView.xib */ = {isa = PBXFileReference; fileEncoding = 4; lastKnownFileType = file.xib; path = PopFilterOptionView.xib; sourceTree = "<group>"; };
		4067A8702045133400427DBB /* PeerUserView.xib */ = {isa = PBXFileReference; fileEncoding = 4; lastKnownFileType = file.xib; path = PeerUserView.xib; sourceTree = "<group>"; };
		4067A8712045133400427DBB /* UserActionPopViewController.swift */ = {isa = PBXFileReference; fileEncoding = 4; lastKnownFileType = sourcecode.swift; path = UserActionPopViewController.swift; sourceTree = "<group>"; };
		4067A8722045133400427DBB /* RadarAnimationLayer.swift */ = {isa = PBXFileReference; fileEncoding = 4; lastKnownFileType = sourcecode.swift; path = RadarAnimationLayer.swift; sourceTree = "<group>"; };
		4067A8732045133400427DBB /* PeerUserView.swift */ = {isa = PBXFileReference; fileEncoding = 4; lastKnownFileType = sourcecode.swift; path = PeerUserView.swift; sourceTree = "<group>"; };
		4067A8772045133400427DBB /* HttpTask.swift */ = {isa = PBXFileReference; fileEncoding = 4; lastKnownFileType = sourcecode.swift; path = HttpTask.swift; sourceTree = "<group>"; };
		4067A8782045133400427DBB /* HttpTypes.swift */ = {isa = PBXFileReference; fileEncoding = 4; lastKnownFileType = sourcecode.swift; path = HttpTypes.swift; sourceTree = "<group>"; };
		4067A8792045133400427DBB /* HttpCacheTask.swift */ = {isa = PBXFileReference; fileEncoding = 4; lastKnownFileType = sourcecode.swift; path = HttpCacheTask.swift; sourceTree = "<group>"; };
		4067A87A2045133400427DBB /* Task.swift */ = {isa = PBXFileReference; fileEncoding = 4; lastKnownFileType = sourcecode.swift; path = Task.swift; sourceTree = "<group>"; };
		4067A87C2045133400427DBB /* UserInfo.swift */ = {isa = PBXFileReference; fileEncoding = 4; lastKnownFileType = sourcecode.swift; path = UserInfo.swift; sourceTree = "<group>"; };
		4067A87D2045133400427DBB /* TransactionInfo.swift */ = {isa = PBXFileReference; fileEncoding = 4; lastKnownFileType = sourcecode.swift; path = TransactionInfo.swift; sourceTree = "<group>"; };
		4067A87F2045133400427DBB /* DashBoardViewController.swift */ = {isa = PBXFileReference; fileEncoding = 4; lastKnownFileType = sourcecode.swift; path = DashBoardViewController.swift; sourceTree = "<group>"; };
		4067A8802045133400427DBB /* TransationViewController.swift */ = {isa = PBXFileReference; fileEncoding = 4; lastKnownFileType = sourcecode.swift; path = TransationViewController.swift; sourceTree = "<group>"; };
		4067A8812045133400427DBB /* LoginViewController.swift */ = {isa = PBXFileReference; fileEncoding = 4; lastKnownFileType = sourcecode.swift; path = LoginViewController.swift; sourceTree = "<group>"; };
		4067A8822045133400427DBB /* InstantMoneyTransferViewController.swift */ = {isa = PBXFileReference; fileEncoding = 4; lastKnownFileType = sourcecode.swift; path = InstantMoneyTransferViewController.swift; sourceTree = "<group>"; };
		4067A8832045133400427DBB /* P2PViewController.swift */ = {isa = PBXFileReference; fileEncoding = 4; lastKnownFileType = sourcecode.swift; path = P2PViewController.swift; sourceTree = "<group>"; };
		4067A8842045133400427DBB /* AddBeneficiaryViewController.swift */ = {isa = PBXFileReference; fileEncoding = 4; lastKnownFileType = sourcecode.swift; path = AddBeneficiaryViewController.swift; sourceTree = "<group>"; };
		4067A8862045133400427DBB /* BaseModel.swift */ = {isa = PBXFileReference; fileEncoding = 4; lastKnownFileType = sourcecode.swift; path = BaseModel.swift; sourceTree = "<group>"; };
		4067A8872045133400427DBB /* Utililty.swift */ = {isa = PBXFileReference; fileEncoding = 4; lastKnownFileType = sourcecode.swift; path = Utililty.swift; sourceTree = "<group>"; };
		4067A8A92045134E00427DBB /* AppDelegate.swift */ = {isa = PBXFileReference; fileEncoding = 4; lastKnownFileType = sourcecode.swift; path = AppDelegate.swift; sourceTree = "<group>"; };
		4067A8AA2045134E00427DBB /* AppConfig.swift */ = {isa = PBXFileReference; fileEncoding = 4; lastKnownFileType = sourcecode.swift; path = AppConfig.swift; sourceTree = "<group>"; };
		4067A8AB2045134E00427DBB /* App.swift */ = {isa = PBXFileReference; fileEncoding = 4; lastKnownFileType = sourcecode.swift; path = App.swift; sourceTree = "<group>"; };
		4067A8AF2045139800427DBB /* Caching.swift */ = {isa = PBXFileReference; fileEncoding = 4; lastKnownFileType = sourcecode.swift; path = Caching.swift; sourceTree = "<group>"; };
		4067A8B1204513E300427DBB /* CachePolicy.swift */ = {isa = PBXFileReference; fileEncoding = 4; lastKnownFileType = sourcecode.swift; path = CachePolicy.swift; sourceTree = "<group>"; };
		4067A8B2204513E300427DBB /* CacheData.swift */ = {isa = PBXFileReference; fileEncoding = 4; lastKnownFileType = sourcecode.swift; path = CacheData.swift; sourceTree = "<group>"; };
		4067A8B3204513E400427DBB /* TimeCachePolicy.swift */ = {isa = PBXFileReference; fileEncoding = 4; lastKnownFileType = sourcecode.swift; path = TimeCachePolicy.swift; sourceTree = "<group>"; };
		4067A8B72045143600427DBB /* TransactionTableViewCell.swift */ = {isa = PBXFileReference; fileEncoding = 4; lastKnownFileType = sourcecode.swift; path = TransactionTableViewCell.swift; sourceTree = "<group>"; };
		4067A8B9204519DA00427DBB /* KeychainService.swift */ = {isa = PBXFileReference; fileEncoding = 4; lastKnownFileType = sourcecode.swift; path = KeychainService.swift; sourceTree = "<group>"; };
		4067A8BD20452EB300427DBB /* ServiceTaskDelegate.swift */ = {isa = PBXFileReference; fileEncoding = 4; lastKnownFileType = sourcecode.swift; path = ServiceTaskDelegate.swift; sourceTree = "<group>"; };
		4067A8BE20452EB300427DBB /* ServiceProvider.swift */ = {isa = PBXFileReference; fileEncoding = 4; lastKnownFileType = sourcecode.swift; path = ServiceProvider.swift; sourceTree = "<group>"; };
		4067A8C120452F1000427DBB /* LoginProvider.swift */ = {isa = PBXFileReference; lastKnownFileType = sourcecode.swift; path = LoginProvider.swift; sourceTree = "<group>"; };
		4067A8C32045301E00427DBB /* LoginService.swift */ = {isa = PBXFileReference; lastKnownFileType = sourcecode.swift; path = LoginService.swift; sourceTree = "<group>"; };
		4067A8C52045309F00427DBB /* LoginCredentials.swift */ = {isa = PBXFileReference; lastKnownFileType = sourcecode.swift; path = LoginCredentials.swift; sourceTree = "<group>"; };
		4067A8C72045380D00427DBB /* UserInfoProvider.swift */ = {isa = PBXFileReference; lastKnownFileType = sourcecode.swift; path = UserInfoProvider.swift; sourceTree = "<group>"; };
		4067A8C9204550E400427DBB /* main.swift */ = {isa = PBXFileReference; lastKnownFileType = sourcecode.swift; path = main.swift; sourceTree = "<group>"; };
		72AE6C632036882B00A18376 /* users.json */ = {isa = PBXFileReference; fileEncoding = 4; lastKnownFileType = text.json; path = users.json; sourceTree = "<group>"; };
		A2464CC32032A6B20073C9B2 /* CBA.app */ = {isa = PBXFileReference; explicitFileType = wrapper.application; includeInIndex = 0; path = CBA.app; sourceTree = BUILT_PRODUCTS_DIR; };
		A2464CCB2032A6B20073C9B2 /* Base */ = {isa = PBXFileReference; lastKnownFileType = file.storyboard; name = Base; path = Base.lproj/Main.storyboard; sourceTree = "<group>"; };
		A2464CCD2032A6B20073C9B2 /* Assets.xcassets */ = {isa = PBXFileReference; lastKnownFileType = folder.assetcatalog; path = Assets.xcassets; sourceTree = "<group>"; };
		A2464CD02032A6B20073C9B2 /* Base */ = {isa = PBXFileReference; lastKnownFileType = file.storyboard; name = Base; path = Base.lproj/LaunchScreen.storyboard; sourceTree = "<group>"; };
		A27D7A38203D3153001A9BBD /* CBATests.xctest */ = {isa = PBXFileReference; explicitFileType = wrapper.cfbundle; includeInIndex = 0; path = CBATests.xctest; sourceTree = BUILT_PRODUCTS_DIR; };
		A27D7A3A203D3153001A9BBD /* CBATests.swift */ = {isa = PBXFileReference; lastKnownFileType = sourcecode.swift; path = CBATests.swift; sourceTree = "<group>"; };
		A27D7A3C203D3153001A9BBD /* Info.plist */ = {isa = PBXFileReference; lastKnownFileType = text.plist.xml; path = Info.plist; sourceTree = "<group>"; };
		A27D7A42203D32F4001A9BBD /* LoginViewControllerTest.swift */ = {isa = PBXFileReference; lastKnownFileType = sourcecode.swift; path = LoginViewControllerTest.swift; sourceTree = "<group>"; };
		A27D7A44203D38E1001A9BBD /* P2PViewControllerTest.swift */ = {isa = PBXFileReference; lastKnownFileType = sourcecode.swift; path = P2PViewControllerTest.swift; sourceTree = "<group>"; };
		A27D7A48203D3C98001A9BBD /* P2PManagerTest.swift */ = {isa = PBXFileReference; lastKnownFileType = sourcecode.swift; path = P2PManagerTest.swift; sourceTree = "<group>"; };
		A27D7A4A203D48A6001A9BBD /* AddBeneficiaryViewControllerTest.swift */ = {isa = PBXFileReference; lastKnownFileType = sourcecode.swift; path = AddBeneficiaryViewControllerTest.swift; sourceTree = "<group>"; };
		A27D7A4C203D48B4001A9BBD /* InstantMoneyTransferViewControllerTest.swift */ = {isa = PBXFileReference; lastKnownFileType = sourcecode.swift; path = InstantMoneyTransferViewControllerTest.swift; sourceTree = "<group>"; };
		A27D7A52203D57AF001A9BBD /* BackgroundViewViewTest.swift */ = {isa = PBXFileReference; lastKnownFileType = sourcecode.swift; path = BackgroundViewViewTest.swift; sourceTree = "<group>"; };
		A27D7A54203D5AD9001A9BBD /* PeerUserViewTest.swift */ = {isa = PBXFileReference; lastKnownFileType = sourcecode.swift; path = PeerUserViewTest.swift; sourceTree = "<group>"; };
		A27D7A56203D6DCD001A9BBD /* UserActionPopViewControllerTest.swift */ = {isa = PBXFileReference; lastKnownFileType = sourcecode.swift; path = UserActionPopViewControllerTest.swift; sourceTree = "<group>"; };
		A27D7A58203D75D4001A9BBD /* RadarAnimationLayerTest.swift */ = {isa = PBXFileReference; lastKnownFileType = sourcecode.swift; path = RadarAnimationLayerTest.swift; sourceTree = "<group>"; };
		A27D7A5B203D78AF001A9BBD /* UserInfoTest.swift */ = {isa = PBXFileReference; lastKnownFileType = sourcecode.swift; path = UserInfoTest.swift; sourceTree = "<group>"; };
		A27D7A5D203D79C6001A9BBD /* UserInfoProviderTest.swift */ = {isa = PBXFileReference; lastKnownFileType = sourcecode.swift; path = UserInfoProviderTest.swift; sourceTree = "<group>"; };
/* End PBXFileReference section */

/* Begin PBXFrameworksBuildPhase section */
		A2464CC02032A6B20073C9B2 /* Frameworks */ = {
			isa = PBXFrameworksBuildPhase;
			buildActionMask = 2147483647;
			files = (
			);
			runOnlyForDeploymentPostprocessing = 0;
		};
		A27D7A35203D3153001A9BBD /* Frameworks */ = {
			isa = PBXFrameworksBuildPhase;
			buildActionMask = 2147483647;
			files = (
			);
			runOnlyForDeploymentPostprocessing = 0;
		};
/* End PBXFrameworksBuildPhase section */

/* Begin PBXGroup section */
		4067A8552045133400427DBB /* Source */ = {
			isa = PBXGroup;
			children = (
				4067A8C9204550E400427DBB /* main.swift */,
				4067A8A92045134E00427DBB /* AppDelegate.swift */,
				4067A8AB2045134E00427DBB /* App.swift */,
				4067A8AA2045134E00427DBB /* AppConfig.swift */,
				4067A8562045133400427DBB /* Environments */,
				4067A87B2045133400427DBB /* DataModel */,
				4067A8592045133400427DBB /* DataService */,
				4067A8652045133400427DBB /* Manager */,
				4067A86B2045133400427DBB /* View */,
				4067A87E2045133400427DBB /* ViewController */,
				4067A8742045133400427DBB /* Supporting */,
				4067A8852045133400427DBB /* Utility */,
			);
			path = Source;
			sourceTree = "<group>";
		};
		4067A8562045133400427DBB /* Environments */ = {
			isa = PBXGroup;
			children = (
				4067A8572045133400427DBB /* Environment.swift */,
				4067A8582045133400427DBB /* Development.swift */,
			);
			path = Environments;
			sourceTree = "<group>";
		};
		4067A8592045133400427DBB /* DataService */ = {
			isa = PBXGroup;
			children = (
				4067A85A2045133400427DBB /* UserInfoService.swift */,
				4067A85B2045133400427DBB /* AccountService.swift */,
				4067A8C32045301E00427DBB /* LoginService.swift */,
				4067A85C2045133400427DBB /* Provider */,
			);
			path = DataService;
			sourceTree = "<group>";
		};
		4067A85C2045133400427DBB /* Provider */ = {
			isa = PBXGroup;
			children = (
				4067A85D2045133400427DBB /* MockProviders */,
				4067A8BB20452EB300427DBB /* RESTProviders */,
			);
			path = Provider;
			sourceTree = "<group>";
		};
		4067A85D2045133400427DBB /* MockProviders */ = {
			isa = PBXGroup;
			children = (
				4067A85E2045133400427DBB /* AccountInfoProvider.swift */,
				4067A85F2045133400427DBB /* UserInfoMockProvider.swift */,
			);
			path = MockProviders;
			sourceTree = "<group>";
		};
		4067A8652045133400427DBB /* Manager */ = {
			isa = PBXGroup;
			children = (
				4067A8662045133400427DBB /* P2P */,
				4067A8692045133400427DBB /* DataServiceManager */,
			);
			path = Manager;
			sourceTree = "<group>";
		};
		4067A8662045133400427DBB /* P2P */ = {
			isa = PBXGroup;
			children = (
				4067A8682045133400427DBB /* PeerToPeer.swift */,
				4067A8672045133400427DBB /* P2PManager.swift */,
			);
			path = P2P;
			sourceTree = "<group>";
		};
		4067A8692045133400427DBB /* DataServiceManager */ = {
			isa = PBXGroup;
			children = (
				4067A86A2045133400427DBB /* DataServiceManager.swift */,
			);
			path = DataServiceManager;
			sourceTree = "<group>";
		};
		4067A86B2045133400427DBB /* View */ = {
			isa = PBXGroup;
			children = (
				4067A8B72045143600427DBB /* TransactionTableViewCell.swift */,
				4067A86C2045133400427DBB /* BackgroundViewView.swift */,
				4067A86D2045133400427DBB /* PopFilterOptionView.swift */,
				4067A8712045133400427DBB /* UserActionPopViewController.swift */,
				4067A8722045133400427DBB /* RadarAnimationLayer.swift */,
				4067A8732045133400427DBB /* PeerUserView.swift */,
				4067A86E2045133400427DBB /* XIB */,
			);
			path = View;
			sourceTree = "<group>";
		};
		4067A86E2045133400427DBB /* XIB */ = {
			isa = PBXGroup;
			children = (
				4067A86F2045133400427DBB /* PopFilterOptionView.xib */,
				4067A8702045133400427DBB /* PeerUserView.xib */,
			);
			path = XIB;
			sourceTree = "<group>";
		};
		4067A8742045133400427DBB /* Supporting */ = {
			isa = PBXGroup;
			children = (
				4067A8752045133400427DBB /* Cache */,
				4067A8762045133400427DBB /* Task */,
			);
			path = Supporting;
			sourceTree = "<group>";
		};
		4067A8752045133400427DBB /* Cache */ = {
			isa = PBXGroup;
			children = (
				4067A8AF2045139800427DBB /* Caching.swift */,
				4067A8B2204513E300427DBB /* CacheData.swift */,
				4067A8B1204513E300427DBB /* CachePolicy.swift */,
				4067A8B3204513E400427DBB /* TimeCachePolicy.swift */,
			);
			path = Cache;
			sourceTree = "<group>";
		};
		4067A8762045133400427DBB /* Task */ = {
			isa = PBXGroup;
			children = (
				4067A8772045133400427DBB /* HttpTask.swift */,
				4067A8782045133400427DBB /* HttpTypes.swift */,
				4067A8792045133400427DBB /* HttpCacheTask.swift */,
				4067A87A2045133400427DBB /* Task.swift */,
			);
			path = Task;
			sourceTree = "<group>";
		};
		4067A87B2045133400427DBB /* DataModel */ = {
			isa = PBXGroup;
			children = (
				4067A8C52045309F00427DBB /* LoginCredentials.swift */,
				4067A87C2045133400427DBB /* UserInfo.swift */,
				4067A87D2045133400427DBB /* TransactionInfo.swift */,
			);
			path = DataModel;
			sourceTree = "<group>";
		};
		4067A87E2045133400427DBB /* ViewController */ = {
			isa = PBXGroup;
			children = (
				4067A87F2045133400427DBB /* DashBoardViewController.swift */,
				4067A8802045133400427DBB /* TransationViewController.swift */,
				4067A8812045133400427DBB /* LoginViewController.swift */,
				4067A8822045133400427DBB /* InstantMoneyTransferViewController.swift */,
				4067A8832045133400427DBB /* P2PViewController.swift */,
				4067A8842045133400427DBB /* AddBeneficiaryViewController.swift */,
			);
			path = ViewController;
			sourceTree = "<group>";
		};
		4067A8852045133400427DBB /* Utility */ = {
			isa = PBXGroup;
			children = (
				4067A8862045133400427DBB /* BaseModel.swift */,
				4067A8872045133400427DBB /* Utililty.swift */,
				4067A8B9204519DA00427DBB /* KeychainService.swift */,
				40168C9220464FAF00197958 /* StringUtils.swift */,
			);
			path = Utility;
			sourceTree = "<group>";
		};
		4067A8BB20452EB300427DBB /* RESTProviders */ = {
			isa = PBXGroup;
			children = (
				4067A8BC20452EB300427DBB /* BaseProvider */,
				4067A8C120452F1000427DBB /* LoginProvider.swift */,
				4067A8C72045380D00427DBB /* UserInfoProvider.swift */,
			);
			path = RESTProviders;
			sourceTree = "<group>";
		};
		4067A8BC20452EB300427DBB /* BaseProvider */ = {
			isa = PBXGroup;
			children = (
				4067A8BD20452EB300427DBB /* ServiceTaskDelegate.swift */,
				4067A8BE20452EB300427DBB /* ServiceProvider.swift */,
			);
			path = BaseProvider;
			sourceTree = "<group>";
		};
		72AE6C622036882B00A18376 /* Resource */ = {
			isa = PBXGroup;
			children = (
				72AE6C632036882B00A18376 /* users.json */,
			);
			path = Resource;
			sourceTree = "<group>";
		};
		A2464CBA2032A6B20073C9B2 = {
			isa = PBXGroup;
			children = (
				A2464CC52032A6B20073C9B2 /* CBA */,
				A27D7A39203D3153001A9BBD /* CBATests */,
				A2464CC42032A6B20073C9B2 /* Products */,
			);
			sourceTree = "<group>";
		};
		A2464CC42032A6B20073C9B2 /* Products */ = {
			isa = PBXGroup;
			children = (
				A2464CC32032A6B20073C9B2 /* CBA.app */,
				A27D7A38203D3153001A9BBD /* CBATests.xctest */,
			);
			name = Products;
			sourceTree = "<group>";
		};
		A2464CC52032A6B20073C9B2 /* CBA */ = {
			isa = PBXGroup;
			children = (
				4067A8552045133400427DBB /* Source */,
				72AE6C622036882B00A18376 /* Resource */,
				4067A853204512C500427DBB /* Info.plist */,
				A2464CCF2032A6B20073C9B2 /* LaunchScreen.storyboard */,
				A2464CCA2032A6B20073C9B2 /* Main.storyboard */,
				A2464CCD2032A6B20073C9B2 /* Assets.xcassets */,
			);
			path = CBA;
			sourceTree = "<group>";
		};
		A27D7A39203D3153001A9BBD /* CBATests */ = {
			isa = PBXGroup;
			children = (
				A27D7A3A203D3153001A9BBD /* CBATests.swift */,
				A27D7A42203D32F4001A9BBD /* LoginViewControllerTest.swift */,
				A27D7A44203D38E1001A9BBD /* P2PViewControllerTest.swift */,
				A27D7A4A203D48A6001A9BBD /* AddBeneficiaryViewControllerTest.swift */,
				A27D7A4C203D48B4001A9BBD /* InstantMoneyTransferViewControllerTest.swift */,
				A27D7A5A203D789D001A9BBD /* DataModel */,
				A27D7A51203D578D001A9BBD /* View */,
				A27D7A46203D3C67001A9BBD /* Manager */,
				A27D7A3C203D3153001A9BBD /* Info.plist */,
			);
			path = CBATests;
			sourceTree = "<group>";
		};
		A27D7A46203D3C67001A9BBD /* Manager */ = {
			isa = PBXGroup;
			children = (
				A27D7A47203D3C67001A9BBD /* P2P */,
			);
			path = Manager;
			sourceTree = "<group>";
		};
		A27D7A47203D3C67001A9BBD /* P2P */ = {
			isa = PBXGroup;
			children = (
				A27D7A48203D3C98001A9BBD /* P2PManagerTest.swift */,
			);
			path = P2P;
			sourceTree = "<group>";
		};
		A27D7A51203D578D001A9BBD /* View */ = {
			isa = PBXGroup;
			children = (
				A27D7A52203D57AF001A9BBD /* BackgroundViewViewTest.swift */,
				A27D7A54203D5AD9001A9BBD /* PeerUserViewTest.swift */,
				A27D7A56203D6DCD001A9BBD /* UserActionPopViewControllerTest.swift */,
				A27D7A58203D75D4001A9BBD /* RadarAnimationLayerTest.swift */,
			);
			path = View;
			sourceTree = "<group>";
		};
		A27D7A5A203D789D001A9BBD /* DataModel */ = {
			isa = PBXGroup;
			children = (
				A27D7A5B203D78AF001A9BBD /* UserInfoTest.swift */,
				A27D7A5D203D79C6001A9BBD /* UserInfoProviderTest.swift */,
			);
			path = DataModel;
			sourceTree = "<group>";
		};
/* End PBXGroup section */

/* Begin PBXNativeTarget section */
		A2464CC22032A6B20073C9B2 /* CBA */ = {
			isa = PBXNativeTarget;
			buildConfigurationList = A2464CEB2032A6B20073C9B2 /* Build configuration list for PBXNativeTarget "CBA" */;
			buildPhases = (
				A2464CBF2032A6B20073C9B2 /* Sources */,
				A2464CC02032A6B20073C9B2 /* Frameworks */,
				A2464CC12032A6B20073C9B2 /* Resources */,
				A245F97A203FD887008D4B08 /* ShellScript */,
			);
			buildRules = (
			);
			dependencies = (
			);
			name = CBA;
			productName = CBA;
			productReference = A2464CC32032A6B20073C9B2 /* CBA.app */;
			productType = "com.apple.product-type.application";
		};
		A27D7A37203D3153001A9BBD /* CBATests */ = {
			isa = PBXNativeTarget;
			buildConfigurationList = A27D7A3F203D3153001A9BBD /* Build configuration list for PBXNativeTarget "CBATests" */;
			buildPhases = (
				A27D7A34203D3153001A9BBD /* Sources */,
				A27D7A35203D3153001A9BBD /* Frameworks */,
				A27D7A36203D3153001A9BBD /* Resources */,
			);
			buildRules = (
			);
			dependencies = (
				A27D7A3E203D3153001A9BBD /* PBXTargetDependency */,
			);
			name = CBATests;
			productName = CBATests;
			productReference = A27D7A38203D3153001A9BBD /* CBATests.xctest */;
			productType = "com.apple.product-type.bundle.unit-test";
		};
/* End PBXNativeTarget section */

/* Begin PBXProject section */
		A2464CBB2032A6B20073C9B2 /* Project object */ = {
			isa = PBXProject;
			attributes = {
				LastSwiftUpdateCheck = 0920;
				LastUpgradeCheck = 0920;
				ORGANIZATIONNAME = HCL;
				TargetAttributes = {
					A2464CC22032A6B20073C9B2 = {
						CreatedOnToolsVersion = 9.2;
						ProvisioningStyle = Manual;
					};
					A27D7A37203D3153001A9BBD = {
						CreatedOnToolsVersion = 9.2;
						ProvisioningStyle = Manual;
						TestTargetID = A2464CC22032A6B20073C9B2;
					};
				};
			};
			buildConfigurationList = A2464CBE2032A6B20073C9B2 /* Build configuration list for PBXProject "CBA" */;
			compatibilityVersion = "Xcode 8.0";
			developmentRegion = en;
			hasScannedForEncodings = 0;
			knownRegions = (
				en,
				Base,
			);
			mainGroup = A2464CBA2032A6B20073C9B2;
			productRefGroup = A2464CC42032A6B20073C9B2 /* Products */;
			projectDirPath = "";
			projectRoot = "";
			targets = (
				A2464CC22032A6B20073C9B2 /* CBA */,
				A27D7A37203D3153001A9BBD /* CBATests */,
			);
		};
/* End PBXProject section */

/* Begin PBXResourcesBuildPhase section */
		A2464CC12032A6B20073C9B2 /* Resources */ = {
			isa = PBXResourcesBuildPhase;
			buildActionMask = 2147483647;
			files = (
				4067A8972045133400427DBB /* PeerUserView.xib in Resources */,
				A2464CD12032A6B20073C9B2 /* LaunchScreen.storyboard in Resources */,
				4067A8962045133400427DBB /* PopFilterOptionView.xib in Resources */,
				A2464CCE2032A6B20073C9B2 /* Assets.xcassets in Resources */,
				72AE6C642036882C00A18376 /* users.json in Resources */,
				A2464CCC2032A6B20073C9B2 /* Main.storyboard in Resources */,
			);
			runOnlyForDeploymentPostprocessing = 0;
		};
		A27D7A36203D3153001A9BBD /* Resources */ = {
			isa = PBXResourcesBuildPhase;
			buildActionMask = 2147483647;
			files = (
			);
			runOnlyForDeploymentPostprocessing = 0;
		};
/* End PBXResourcesBuildPhase section */

/* Begin PBXShellScriptBuildPhase section */
		A245F97A203FD887008D4B08 /* ShellScript */ = {
			isa = PBXShellScriptBuildPhase;
			buildActionMask = 12;
			files = (
			);
			inputPaths = (
			);
			outputPaths = (
			);
			runOnlyForDeploymentPostprocessing = 0;
			shellPath = /bin/sh;
			shellScript = "if which swiftlint >/dev/null; then\nswiftlint\nelse\necho \"warning: SwiftLint not installed, download from https://github.com/realm/SwiftLint\"\nfi";
		};
/* End PBXShellScriptBuildPhase section */

/* Begin PBXSourcesBuildPhase section */
		A2464CBF2032A6B20073C9B2 /* Sources */ = {
			isa = PBXSourcesBuildPhase;
			buildActionMask = 2147483647;
			files = (
				4067A8C220452F1000427DBB /* LoginProvider.swift in Sources */,
				4067A8922045133400427DBB /* PeerToPeer.swift in Sources */,
				4067A89D2045133400427DBB /* HttpCacheTask.swift in Sources */,
				4067A88C2045133400427DBB /* AccountInfoProvider.swift in Sources */,
				4067A89F2045133400427DBB /* UserInfo.swift in Sources */,
				4067A8A32045133400427DBB /* LoginViewController.swift in Sources */,
				4067A8C020452EB300427DBB /* ServiceProvider.swift in Sources */,
				4067A89A2045133400427DBB /* PeerUserView.swift in Sources */,
				4067A8AE2045134E00427DBB /* App.swift in Sources */,
				4067A8B02045139800427DBB /* Caching.swift in Sources */,
				4067A8912045133400427DBB /* P2PManager.swift in Sources */,
				4067A8B82045143600427DBB /* TransactionTableViewCell.swift in Sources */,
				4067A8BF20452EB300427DBB /* ServiceTaskDelegate.swift in Sources */,
				4067A8AC2045134E00427DBB /* AppDelegate.swift in Sources */,
				4067A88A2045133400427DBB /* UserInfoService.swift in Sources */,
				4067A8C42045301E00427DBB /* LoginService.swift in Sources */,
				4067A8A82045133400427DBB /* Utililty.swift in Sources */,
				4067A8C82045380D00427DBB /* UserInfoProvider.swift in Sources */,
				4067A8CA204550E400427DBB /* main.swift in Sources */,
				4067A8B6204513E400427DBB /* TimeCachePolicy.swift in Sources */,
				4067A8A12045133400427DBB /* DashBoardViewController.swift in Sources */,
				4067A8882045133400427DBB /* Environment.swift in Sources */,
				4067A8A02045133400427DBB /* TransactionInfo.swift in Sources */,
				4067A89C2045133400427DBB /* HttpTypes.swift in Sources */,
				4067A8992045133400427DBB /* RadarAnimationLayer.swift in Sources */,
				4067A8BA204519DA00427DBB /* KeychainService.swift in Sources */,
				4067A8C62045309F00427DBB /* LoginCredentials.swift in Sources */,
				4067A8A52045133400427DBB /* P2PViewController.swift in Sources */,
				4067A8A42045133400427DBB /* InstantMoneyTransferViewController.swift in Sources */,
				4067A8B4204513E400427DBB /* CachePolicy.swift in Sources */,
				4067A8A22045133400427DBB /* TransationViewController.swift in Sources */,
				4067A89B2045133400427DBB /* HttpTask.swift in Sources */,
				4067A88B2045133400427DBB /* AccountService.swift in Sources */,
				4067A8942045133400427DBB /* BackgroundViewView.swift in Sources */,
				4067A89E2045133400427DBB /* Task.swift in Sources */,
				4067A8A72045133400427DBB /* BaseModel.swift in Sources */,
				40168C9320464FAF00197958 /* StringUtils.swift in Sources */,
				4067A8AD2045134E00427DBB /* AppConfig.swift in Sources */,
				4067A8982045133400427DBB /* UserActionPopViewController.swift in Sources */,
				4067A8952045133400427DBB /* PopFilterOptionView.swift in Sources */,
				4067A8932045133400427DBB /* DataServiceManager.swift in Sources */,
				4067A8B5204513E400427DBB /* CacheData.swift in Sources */,
				4067A88D2045133400427DBB /* UserInfoMockProvider.swift in Sources */,
				4067A8A62045133400427DBB /* AddBeneficiaryViewController.swift in Sources */,
				4067A8892045133400427DBB /* Development.swift in Sources */,
			);
			runOnlyForDeploymentPostprocessing = 0;
		};
		A27D7A34203D3153001A9BBD /* Sources */ = {
			isa = PBXSourcesBuildPhase;
			buildActionMask = 2147483647;
			files = (
				A27D7A4D203D48B4001A9BBD /* InstantMoneyTransferViewControllerTest.swift in Sources */,
				A27D7A59203D75D4001A9BBD /* RadarAnimationLayerTest.swift in Sources */,
				A27D7A53203D57AF001A9BBD /* BackgroundViewViewTest.swift in Sources */,
				A27D7A49203D3C98001A9BBD /* P2PManagerTest.swift in Sources */,
				A27D7A57203D6DCD001A9BBD /* UserActionPopViewControllerTest.swift in Sources */,
				A27D7A43203D32F4001A9BBD /* LoginViewControllerTest.swift in Sources */,
				A27D7A4B203D48A6001A9BBD /* AddBeneficiaryViewControllerTest.swift in Sources */,
				A27D7A5E203D79C6001A9BBD /* UserInfoProviderTest.swift in Sources */,
				A27D7A5C203D78AF001A9BBD /* UserInfoTest.swift in Sources */,
				A27D7A3B203D3153001A9BBD /* CBATests.swift in Sources */,
				A27D7A45203D38E1001A9BBD /* P2PViewControllerTest.swift in Sources */,
				A27D7A55203D5AD9001A9BBD /* PeerUserViewTest.swift in Sources */,
			);
			runOnlyForDeploymentPostprocessing = 0;
		};
/* End PBXSourcesBuildPhase section */

/* Begin PBXTargetDependency section */
		A27D7A3E203D3153001A9BBD /* PBXTargetDependency */ = {
			isa = PBXTargetDependency;
			target = A2464CC22032A6B20073C9B2 /* CBA */;
			targetProxy = A27D7A3D203D3153001A9BBD /* PBXContainerItemProxy */;
		};
/* End PBXTargetDependency section */

/* Begin PBXVariantGroup section */
		A2464CCA2032A6B20073C9B2 /* Main.storyboard */ = {
			isa = PBXVariantGroup;
			children = (
				A2464CCB2032A6B20073C9B2 /* Base */,
			);
			name = Main.storyboard;
			sourceTree = "<group>";
		};
		A2464CCF2032A6B20073C9B2 /* LaunchScreen.storyboard */ = {
			isa = PBXVariantGroup;
			children = (
				A2464CD02032A6B20073C9B2 /* Base */,
			);
			name = LaunchScreen.storyboard;
			sourceTree = "<group>";
		};
/* End PBXVariantGroup section */

/* Begin XCBuildConfiguration section */
		4067A8502045103100427DBB /* Development */ = {
			isa = XCBuildConfiguration;
			buildSettings = {
				ALWAYS_SEARCH_USER_PATHS = NO;
				CLANG_ANALYZER_NONNULL = YES;
				CLANG_ANALYZER_NUMBER_OBJECT_CONVERSION = YES_AGGRESSIVE;
				CLANG_CXX_LANGUAGE_STANDARD = "gnu++14";
				CLANG_CXX_LIBRARY = "libc++";
				CLANG_ENABLE_MODULES = YES;
				CLANG_ENABLE_OBJC_ARC = YES;
				CLANG_WARN_BLOCK_CAPTURE_AUTORELEASING = YES;
				CLANG_WARN_BOOL_CONVERSION = YES;
				CLANG_WARN_COMMA = YES;
				CLANG_WARN_CONSTANT_CONVERSION = YES;
				CLANG_WARN_DIRECT_OBJC_ISA_USAGE = YES_ERROR;
				CLANG_WARN_DOCUMENTATION_COMMENTS = YES;
				CLANG_WARN_EMPTY_BODY = YES;
				CLANG_WARN_ENUM_CONVERSION = YES;
				CLANG_WARN_INFINITE_RECURSION = YES;
				CLANG_WARN_INT_CONVERSION = YES;
				CLANG_WARN_NON_LITERAL_NULL_CONVERSION = YES;
				CLANG_WARN_OBJC_LITERAL_CONVERSION = YES;
				CLANG_WARN_OBJC_ROOT_CLASS = YES_ERROR;
				CLANG_WARN_RANGE_LOOP_ANALYSIS = YES;
				CLANG_WARN_STRICT_PROTOTYPES = YES;
				CLANG_WARN_SUSPICIOUS_MOVE = YES;
				CLANG_WARN_UNGUARDED_AVAILABILITY = YES_AGGRESSIVE;
				CLANG_WARN_UNREACHABLE_CODE = YES;
				CLANG_WARN__DUPLICATE_METHOD_MATCH = YES;
				CODE_SIGN_IDENTITY = "iPhone Developer";
				COPY_PHASE_STRIP = NO;
				DEBUG_INFORMATION_FORMAT = dwarf;
				ENABLE_STRICT_OBJC_MSGSEND = YES;
				ENABLE_TESTABILITY = YES;
				GCC_C_LANGUAGE_STANDARD = gnu11;
				GCC_DYNAMIC_NO_PIC = NO;
				GCC_NO_COMMON_BLOCKS = YES;
				GCC_OPTIMIZATION_LEVEL = 0;
				GCC_PREPROCESSOR_DEFINITIONS = (
					"DEBUG=1",
					"$(inherited)",
				);
				GCC_WARN_64_TO_32_BIT_CONVERSION = YES;
				GCC_WARN_ABOUT_RETURN_TYPE = YES_ERROR;
				GCC_WARN_UNDECLARED_SELECTOR = YES;
				GCC_WARN_UNINITIALIZED_AUTOS = YES_AGGRESSIVE;
				GCC_WARN_UNUSED_FUNCTION = YES;
				GCC_WARN_UNUSED_VARIABLE = YES;
				IPHONEOS_DEPLOYMENT_TARGET = 10.0;
				MTL_ENABLE_DEBUG_INFO = YES;
				ONLY_ACTIVE_ARCH = YES;
				SDKROOT = iphoneos;
				SWIFT_ACTIVE_COMPILATION_CONDITIONS = DEBUG;
				SWIFT_OPTIMIZATION_LEVEL = "-Onone";
			};
			name = Development;
		};
		4067A8512045103100427DBB /* Development */ = {
			isa = XCBuildConfiguration;
			buildSettings = {
				ALWAYS_EMBED_SWIFT_STANDARD_LIBRARIES = NO;
				ASSETCATALOG_COMPILER_APPICON_NAME = AppIcon;
				"CODE_SIGN_IDENTITY[sdk=iphoneos*]" = "iPhone Developer";
				CODE_SIGN_STYLE = Manual;
				DEVELOPMENT_TEAM = XVGME84A68;
				Environment = Development;
				INFOPLIST_FILE = CBA/Info.plist;
				IPHONEOS_DEPLOYMENT_TARGET = 10.0;
				LD_RUNPATH_SEARCH_PATHS = "$(inherited) @executable_path/Frameworks";
				PRODUCT_BUNDLE_IDENTIFIER = com.hcl.hercules.int;
				PRODUCT_NAME = "$(TARGET_NAME)";
				PROVISIONING_PROFILE = "f65f8330-9715-4657-ae36-4249c5c51181";
				PROVISIONING_PROFILE_SPECIFIER = MANUTDINT;
				SWIFT_VERSION = 4.0;
				TARGETED_DEVICE_FAMILY = "1,2";
			};
			name = Development;
		};
		4067A8522045103100427DBB /* Development */ = {
			isa = XCBuildConfiguration;
			buildSettings = {
				BUNDLE_LOADER = "$(TEST_HOST)";
				CODE_SIGN_STYLE = Manual;
				DEVELOPMENT_TEAM = XVGME84A68;
				INFOPLIST_FILE = CBATests/Info.plist;
				IPHONEOS_DEPLOYMENT_TARGET = 11.2;
				LD_RUNPATH_SEARCH_PATHS = "$(inherited) @executable_path/Frameworks @loader_path/Frameworks";
				PRODUCT_BUNDLE_IDENTIFIER = com.nandhakumar.CBATests;
				PRODUCT_NAME = "$(TARGET_NAME)";
				PROVISIONING_PROFILE_SPECIFIER = "";
				SWIFT_VERSION = 4.0;
				TARGETED_DEVICE_FAMILY = "1,2";
				TEST_HOST = "$(BUILT_PRODUCTS_DIR)/CBA.app/CBA";
			};
			name = Development;
		};
		A2464CE92032A6B20073C9B2 /* Debug */ = {
			isa = XCBuildConfiguration;
			buildSettings = {
				ALWAYS_SEARCH_USER_PATHS = NO;
				CLANG_ANALYZER_NONNULL = YES;
				CLANG_ANALYZER_NUMBER_OBJECT_CONVERSION = YES_AGGRESSIVE;
				CLANG_CXX_LANGUAGE_STANDARD = "gnu++14";
				CLANG_CXX_LIBRARY = "libc++";
				CLANG_ENABLE_MODULES = YES;
				CLANG_ENABLE_OBJC_ARC = YES;
				CLANG_WARN_BLOCK_CAPTURE_AUTORELEASING = YES;
				CLANG_WARN_BOOL_CONVERSION = YES;
				CLANG_WARN_COMMA = YES;
				CLANG_WARN_CONSTANT_CONVERSION = YES;
				CLANG_WARN_DIRECT_OBJC_ISA_USAGE = YES_ERROR;
				CLANG_WARN_DOCUMENTATION_COMMENTS = YES;
				CLANG_WARN_EMPTY_BODY = YES;
				CLANG_WARN_ENUM_CONVERSION = YES;
				CLANG_WARN_INFINITE_RECURSION = YES;
				CLANG_WARN_INT_CONVERSION = YES;
				CLANG_WARN_NON_LITERAL_NULL_CONVERSION = YES;
				CLANG_WARN_OBJC_LITERAL_CONVERSION = YES;
				CLANG_WARN_OBJC_ROOT_CLASS = YES_ERROR;
				CLANG_WARN_RANGE_LOOP_ANALYSIS = YES;
				CLANG_WARN_STRICT_PROTOTYPES = YES;
				CLANG_WARN_SUSPICIOUS_MOVE = YES;
				CLANG_WARN_UNGUARDED_AVAILABILITY = YES_AGGRESSIVE;
				CLANG_WARN_UNREACHABLE_CODE = YES;
				CLANG_WARN__DUPLICATE_METHOD_MATCH = YES;
				CODE_SIGN_IDENTITY = "iPhone Developer";
				COPY_PHASE_STRIP = NO;
				DEBUG_INFORMATION_FORMAT = dwarf;
				ENABLE_STRICT_OBJC_MSGSEND = YES;
				ENABLE_TESTABILITY = YES;
				GCC_C_LANGUAGE_STANDARD = gnu11;
				GCC_DYNAMIC_NO_PIC = NO;
				GCC_NO_COMMON_BLOCKS = YES;
				GCC_OPTIMIZATION_LEVEL = 0;
				GCC_PREPROCESSOR_DEFINITIONS = (
					"DEBUG=1",
					"$(inherited)",
				);
				GCC_WARN_64_TO_32_BIT_CONVERSION = YES;
				GCC_WARN_ABOUT_RETURN_TYPE = YES_ERROR;
				GCC_WARN_UNDECLARED_SELECTOR = YES;
				GCC_WARN_UNINITIALIZED_AUTOS = YES_AGGRESSIVE;
				GCC_WARN_UNUSED_FUNCTION = YES;
				GCC_WARN_UNUSED_VARIABLE = YES;
				IPHONEOS_DEPLOYMENT_TARGET = 10.0;
				MTL_ENABLE_DEBUG_INFO = YES;
				ONLY_ACTIVE_ARCH = YES;
				SDKROOT = iphoneos;
				SWIFT_ACTIVE_COMPILATION_CONDITIONS = DEBUG;
				SWIFT_OPTIMIZATION_LEVEL = "-Onone";
			};
			name = Debug;
		};
		A2464CEA2032A6B20073C9B2 /* Release */ = {
			isa = XCBuildConfiguration;
			buildSettings = {
				ALWAYS_SEARCH_USER_PATHS = NO;
				CLANG_ANALYZER_NONNULL = YES;
				CLANG_ANALYZER_NUMBER_OBJECT_CONVERSION = YES_AGGRESSIVE;
				CLANG_CXX_LANGUAGE_STANDARD = "gnu++14";
				CLANG_CXX_LIBRARY = "libc++";
				CLANG_ENABLE_MODULES = YES;
				CLANG_ENABLE_OBJC_ARC = YES;
				CLANG_WARN_BLOCK_CAPTURE_AUTORELEASING = YES;
				CLANG_WARN_BOOL_CONVERSION = YES;
				CLANG_WARN_COMMA = YES;
				CLANG_WARN_CONSTANT_CONVERSION = YES;
				CLANG_WARN_DIRECT_OBJC_ISA_USAGE = YES_ERROR;
				CLANG_WARN_DOCUMENTATION_COMMENTS = YES;
				CLANG_WARN_EMPTY_BODY = YES;
				CLANG_WARN_ENUM_CONVERSION = YES;
				CLANG_WARN_INFINITE_RECURSION = YES;
				CLANG_WARN_INT_CONVERSION = YES;
				CLANG_WARN_NON_LITERAL_NULL_CONVERSION = YES;
				CLANG_WARN_OBJC_LITERAL_CONVERSION = YES;
				CLANG_WARN_OBJC_ROOT_CLASS = YES_ERROR;
				CLANG_WARN_RANGE_LOOP_ANALYSIS = YES;
				CLANG_WARN_STRICT_PROTOTYPES = YES;
				CLANG_WARN_SUSPICIOUS_MOVE = YES;
				CLANG_WARN_UNGUARDED_AVAILABILITY = YES_AGGRESSIVE;
				CLANG_WARN_UNREACHABLE_CODE = YES;
				CLANG_WARN__DUPLICATE_METHOD_MATCH = YES;
				CODE_SIGN_IDENTITY = "iPhone Developer";
				COPY_PHASE_STRIP = NO;
				DEBUG_INFORMATION_FORMAT = "dwarf-with-dsym";
				ENABLE_NS_ASSERTIONS = NO;
				ENABLE_STRICT_OBJC_MSGSEND = YES;
				GCC_C_LANGUAGE_STANDARD = gnu11;
				GCC_NO_COMMON_BLOCKS = YES;
				GCC_WARN_64_TO_32_BIT_CONVERSION = YES;
				GCC_WARN_ABOUT_RETURN_TYPE = YES_ERROR;
				GCC_WARN_UNDECLARED_SELECTOR = YES;
				GCC_WARN_UNINITIALIZED_AUTOS = YES_AGGRESSIVE;
				GCC_WARN_UNUSED_FUNCTION = YES;
				GCC_WARN_UNUSED_VARIABLE = YES;
				IPHONEOS_DEPLOYMENT_TARGET = 10.0;
				MTL_ENABLE_DEBUG_INFO = NO;
				SDKROOT = iphoneos;
				SWIFT_OPTIMIZATION_LEVEL = "-Owholemodule";
				VALIDATE_PRODUCT = YES;
			};
			name = Release;
		};
		A2464CEC2032A6B20073C9B2 /* Debug */ = {
			isa = XCBuildConfiguration;
			buildSettings = {
				ALWAYS_EMBED_SWIFT_STANDARD_LIBRARIES = NO;
				ASSETCATALOG_COMPILER_APPICON_NAME = AppIcon;
				"CODE_SIGN_IDENTITY[sdk=iphoneos*]" = "iPhone Developer";
				CODE_SIGN_STYLE = Manual;
				DEVELOPMENT_TEAM = XVGME84A68;
				Environment = Development;
				INFOPLIST_FILE = CBA/Info.plist;
				IPHONEOS_DEPLOYMENT_TARGET = 10.0;
				LD_RUNPATH_SEARCH_PATHS = "$(inherited) @executable_path/Frameworks";
				PRODUCT_BUNDLE_IDENTIFIER = com.hcl.hercules.int;
				PRODUCT_NAME = "$(TARGET_NAME)";
				PROVISIONING_PROFILE = "f65f8330-9715-4657-ae36-4249c5c51181";
				PROVISIONING_PROFILE_SPECIFIER = MANUTDINT;
				SWIFT_VERSION = 4.0;
				TARGETED_DEVICE_FAMILY = "1,2";
			};
			name = Debug;
		};
		A2464CED2032A6B20073C9B2 /* Release */ = {
			isa = XCBuildConfiguration;
			buildSettings = {
				ALWAYS_EMBED_SWIFT_STANDARD_LIBRARIES = NO;
				ASSETCATALOG_COMPILER_APPICON_NAME = AppIcon;
				"CODE_SIGN_IDENTITY[sdk=iphoneos*]" = "iPhone Developer";
				CODE_SIGN_STYLE = Manual;
				DEVELOPMENT_TEAM = XVGME84A68;
				Environment = Development;
				INFOPLIST_FILE = CBA/Info.plist;
				IPHONEOS_DEPLOYMENT_TARGET = 10.0;
				LD_RUNPATH_SEARCH_PATHS = "$(inherited) @executable_path/Frameworks";
				PRODUCT_BUNDLE_IDENTIFIER = com.hcl.hercules.int;
				PRODUCT_NAME = "$(TARGET_NAME)";
				PROVISIONING_PROFILE = "f65f8330-9715-4657-ae36-4249c5c51181";
				PROVISIONING_PROFILE_SPECIFIER = MANUTDINT;
				SWIFT_VERSION = 4.0;
				TARGETED_DEVICE_FAMILY = "1,2";
			};
			name = Release;
		};
		A27D7A40203D3153001A9BBD /* Debug */ = {
			isa = XCBuildConfiguration;
			buildSettings = {
				BUNDLE_LOADER = "$(TEST_HOST)";
				CODE_SIGN_STYLE = Manual;
				DEVELOPMENT_TEAM = XVGME84A68;
				INFOPLIST_FILE = CBATests/Info.plist;
				IPHONEOS_DEPLOYMENT_TARGET = 11.2;
				LD_RUNPATH_SEARCH_PATHS = "$(inherited) @executable_path/Frameworks @loader_path/Frameworks";
				PRODUCT_BUNDLE_IDENTIFIER = com.nandhakumar.CBATests;
				PRODUCT_NAME = "$(TARGET_NAME)";
				PROVISIONING_PROFILE_SPECIFIER = "";
				SWIFT_VERSION = 4.0;
				TARGETED_DEVICE_FAMILY = "1,2";
				TEST_HOST = "$(BUILT_PRODUCTS_DIR)/CBA.app/CBA";
			};
			name = Debug;
		};
		A27D7A41203D3153001A9BBD /* Release */ = {
			isa = XCBuildConfiguration;
			buildSettings = {
				BUNDLE_LOADER = "$(TEST_HOST)";
				CODE_SIGN_STYLE = Manual;
				DEVELOPMENT_TEAM = XVGME84A68;
				INFOPLIST_FILE = CBATests/Info.plist;
				IPHONEOS_DEPLOYMENT_TARGET = 11.2;
				LD_RUNPATH_SEARCH_PATHS = "$(inherited) @executable_path/Frameworks @loader_path/Frameworks";
				PRODUCT_BUNDLE_IDENTIFIER = com.nandhakumar.CBATests;
				PRODUCT_NAME = "$(TARGET_NAME)";
				PROVISIONING_PROFILE_SPECIFIER = "";
				SWIFT_VERSION = 4.0;
				TARGETED_DEVICE_FAMILY = "1,2";
				TEST_HOST = "$(BUILT_PRODUCTS_DIR)/CBA.app/CBA";
			};
			name = Release;
		};
/* End XCBuildConfiguration section */

/* Begin XCConfigurationList section */
		A2464CBE2032A6B20073C9B2 /* Build configuration list for PBXProject "CBA" */ = {
			isa = XCConfigurationList;
			buildConfigurations = (
				A2464CE92032A6B20073C9B2 /* Debug */,
				4067A8502045103100427DBB /* Development */,
				A2464CEA2032A6B20073C9B2 /* Release */,
			);
			defaultConfigurationIsVisible = 0;
			defaultConfigurationName = Release;
		};
		A2464CEB2032A6B20073C9B2 /* Build configuration list for PBXNativeTarget "CBA" */ = {
			isa = XCConfigurationList;
			buildConfigurations = (
				A2464CEC2032A6B20073C9B2 /* Debug */,
				4067A8512045103100427DBB /* Development */,
				A2464CED2032A6B20073C9B2 /* Release */,
			);
			defaultConfigurationIsVisible = 0;
			defaultConfigurationName = Release;
		};
		A27D7A3F203D3153001A9BBD /* Build configuration list for PBXNativeTarget "CBATests" */ = {
			isa = XCConfigurationList;
			buildConfigurations = (
				A27D7A40203D3153001A9BBD /* Debug */,
				4067A8522045103100427DBB /* Development */,
				A27D7A41203D3153001A9BBD /* Release */,
			);
			defaultConfigurationIsVisible = 0;
			defaultConfigurationName = Release;
		};
/* End XCConfigurationList section */
	};
	rootObject = A2464CBB2032A6B20073C9B2 /* Project object */;
}
